{
  "name": "client",
  "lockfileVersion": 3,
  "requires": true,
  "packages": {
    "": {
      "dependencies": {
        "unicode-grid-client": "file:.."
      }
    },
    "..": {
      "version": "1.0.0",
      "dependencies": {
        "axios": "^1.7.2",
        "react": "^18.3.1",
        "react-dom": "^18.3.1",
        "socket.io-client": "^4.7.5"
      },
      "devDependencies": {
        "@types/react": "^18.3.5",
        "@types/react-dom": "^18.3.0",
        "@vitejs/plugin-react": "^4.3.1",
        "typescript": "^5.4.5",
        "vite": "^5.4.0"
      }
    },
    "node_modules/unicode-grid-client": {
      "resolved": "..",
      "link": true
    }
  }
}
